
Microsoft Visual Studio Solution File, Format Version 12.00
# Visual Studio Version 16
VisualStudioVersion = 16.0.32002.261
MinimumVisualStudioVersion = 10.0.40219.1
Project("{FAE04EC0-301F-11D3-BF4B-00C04F79EFBC}") = "DataAccess", "DataAccess\DataAccess.csproj", "{B3E80F81-9994-407A-B95B-006ECB7ECBE5}"
EndProject
Project("{FAE04EC0-301F-11D3-BF4B-00C04F79EFBC}") = "Business", "Business\Business.csproj", "{3C2B61FB-18E8-4947-A6E6-0115778272C1}"
EndProject
Project("{FAE04EC0-301F-11D3-BF4B-00C04F79EFBC}") = "Entities", "Entities\Entities.csproj", "{804A7A48-66D4-48F1-9618-F2E053FBEDE0}"
EndProject
Project("{FAE04EC0-301F-11D3-BF4B-00C04F79EFBC}") = "ConsoleUI", "ConsoleUI\ConsoleUI.csproj", "{D6F0D37C-E88D-493E-96B0-5E58D5A2CC85}"
EndProject
Global
	GlobalSection(SolutionConfigurationPlatforms) = preSolution
		Debug|Any CPU = Debug|Any CPU
		Release|Any CPU = Release|Any CPU
	EndGlobalSection
	GlobalSection(ProjectConfigurationPlatforms) = postSolution
		{B3E80F81-9994-407A-B95B-006ECB7ECBE5}.Debug|Any CPU.ActiveCfg = Debug|Any CPU
		{B3E80F81-9994-407A-B95B-006ECB7ECBE5}.Debug|Any CPU.Build.0 = Debug|Any CPU
		{B3E80F81-9994-407A-B95B-006ECB7ECBE5}.Release|Any CPU.ActiveCfg = Release|Any CPU
		{B3E80F81-9994-407A-B95B-006ECB7ECBE5}.Release|Any CPU.Build.0 = Release|Any CPU
		{3C2B61FB-18E8-4947-A6E6-0115778272C1}.Debug|Any CPU.ActiveCfg = Debug|Any CPU
		{3C2B61FB-18E8-4947-A6E6-0115778272C1}.Debug|Any CPU.Build.0 = Debug|Any CPU
		{3C2B61FB-18E8-4947-A6E6-0115778272C1}.Release|Any CPU.ActiveCfg = Release|Any CPU
		{3C2B61FB-18E8-4947-A6E6-0115778272C1}.Release|Any CPU.Build.0 = Release|Any CPU
		{804A7A48-66D4-48F1-9618-F2E053FBEDE0}.Debug|Any CPU.ActiveCfg = Debug|Any CPU
		{804A7A48-66D4-48F1-9618-F2E053FBEDE0}.Debug|Any CPU.Build.0 = Debug|Any CPU
		{804A7A48-66D4-48F1-9618-F2E053FBEDE0}.Release|Any CPU.ActiveCfg = Release|Any CPU
		{804A7A48-66D4-48F1-9618-F2E053FBEDE0}.Release|Any CPU.Build.0 = Release|Any CPU
		{D6F0D37C-E88D-493E-96B0-5E58D5A2CC85}.Debug|Any CPU.ActiveCfg = Debug|Any CPU
		{D6F0D37C-E88D-493E-96B0-5E58D5A2CC85}.Debug|Any CPU.Build.0 = Debug|Any CPU
		{D6F0D37C-E88D-493E-96B0-5E58D5A2CC85}.Release|Any CPU.ActiveCfg = Release|Any CPU
		{D6F0D37C-E88D-493E-96B0-5E58D5A2CC85}.Release|Any CPU.Build.0 = Release|Any CPU
	EndGlobalSection
	GlobalSection(SolutionProperties) = preSolution
		HideSolutionNode = FALSE
	EndGlobalSection
	GlobalSection(ExtensibilityGlobals) = postSolution
		SolutionGuid = {059BD6C7-CB07-4D0D-BCCD-EF70B312E06E}
	EndGlobalSection
EndGlobal
